
Microsoft Visual Studio Solution File, Format Version 12.00
# Visual Studio 15
VisualStudioVersion = 15.0.27703.2042
MinimumVisualStudioVersion = 10.0.40219.1
Project("{2150E333-8FDC-42A3-9474-1A3956D46DE8}") = "Second Project", "Second Project", "{E28E2D05-470B-44B1-A7F2-A34AE2F830BB}"
EndProject
Project("{FAE04EC0-301F-11D3-BF4B-00C04F79EFBC}") = "WebsiteDemo", "WebsiteDemo\WebsiteDemo.csproj", "{2DE83409-EFBD-4EFB-BB7E-4673DCBCD8DD}"
EndProject
Global
	GlobalSection(SolutionConfigurationPlatforms) = preSolution
		Debug|Any CPU = Debug|Any CPU
		Release|Any CPU = Release|Any CPU
	EndGlobalSection
	GlobalSection(ProjectConfigurationPlatforms) = postSolution
		{2DE83409-EFBD-4EFB-BB7E-4673DCBCD8DD}.Debug|Any CPU.ActiveCfg = Debug|Any CPU
		{2DE83409-EFBD-4EFB-BB7E-4673DCBCD8DD}.Debug|Any CPU.Build.0 = Debug|Any CPU
		{2DE83409-EFBD-4EFB-BB7E-4673DCBCD8DD}.Release|Any CPU.ActiveCfg = Release|Any CPU
		{2DE83409-EFBD-4EFB-BB7E-4673DCBCD8DD}.Release|Any CPU.Build.0 = Release|Any CPU
	EndGlobalSection
	GlobalSection(SolutionProperties) = preSolution
		HideSolutionNode = FALSE
	EndGlobalSection
	GlobalSection(NestedProjects) = preSolution
		{2DE83409-EFBD-4EFB-BB7E-4673DCBCD8DD} = {E28E2D05-470B-44B1-A7F2-A34AE2F830BB}
	EndGlobalSection
	GlobalSection(ExtensibilityGlobals) = postSolution
		SolutionGuid = {517709BE-F558-4B81-900D-6656F02B493F}
	EndGlobalSection
EndGlobal
